// !$*UTF8*$!
{
	archiveVersion = 1;
	classes = {
	};
	objectVersion = 50;
	objects = {

/* Begin PBXBuildFile section */
		9D1A225824F718D8003D32D2 /* AppDelegate.swift in Sources */ = {isa = PBXBuildFile; fileRef = 9D1A225724F718D8003D32D2 /* AppDelegate.swift */; };
		9D1A225A24F718D8003D32D2 /* SceneDelegate.swift in Sources */ = {isa = PBXBuildFile; fileRef = 9D1A225924F718D8003D32D2 /* SceneDelegate.swift */; };
		9D1A225C24F718D8003D32D2 /* PlayerVsPlayerViewController.swift in Sources */ = {isa = PBXBuildFile; fileRef = 9D1A225B24F718D8003D32D2 /* PlayerVsPlayerViewController.swift */; };
		9D1A226124F718DC003D32D2 /* Assets.xcassets in Resources */ = {isa = PBXBuildFile; fileRef = 9D1A226024F718DC003D32D2 /* Assets.xcassets */; };
		9D1A226424F718DC003D32D2 /* LaunchScreen.storyboard in Resources */ = {isa = PBXBuildFile; fileRef = 9D1A226224F718DC003D32D2 /* LaunchScreen.storyboard */; };
		9D2A199E24F72731001B4947 /* Player.swift in Sources */ = {isa = PBXBuildFile; fileRef = 9D2A199D24F72731001B4947 /* Player.swift */; };
		9D2A19A024F7273E001B4947 /* Board.swift in Sources */ = {isa = PBXBuildFile; fileRef = 9D2A199F24F7273E001B4947 /* Board.swift */; };
		9D2A19A224F7274A001B4947 /* GameModel.swift in Sources */ = {isa = PBXBuildFile; fileRef = 9D2A19A124F7274A001B4947 /* GameModel.swift */; };
		9D74B4CE24F9143800EB2571 /* MinMaxAlgorithm.swift in Sources */ = {isa = PBXBuildFile; fileRef = 9D74B4CD24F9143800EB2571 /* MinMaxAlgorithm.swift */; };
		9D76BFD524FBF202007C1147 /* GameModelAI.swift in Sources */ = {isa = PBXBuildFile; fileRef = 9D76BFD424FBF202007C1147 /* GameModelAI.swift */; };
		9D76BFD724FBFB92007C1147 /* PlayerVsAiViewController.swift in Sources */ = {isa = PBXBuildFile; fileRef = 9D76BFD624FBFB92007C1147 /* PlayerVsAiViewController.swift */; };
		9D76BFDC24FC55BB007C1147 /* Main.storyboard in Resources */ = {isa = PBXBuildFile; fileRef = 9D76BFDA24FC55BB007C1147 /* Main.storyboard */; };
		9DB2472724FD4B2100660545 /* SettingsViewController.swift in Sources */ = {isa = PBXBuildFile; fileRef = 9DB2472624FD4B2100660545 /* SettingsViewController.swift */; };
		9DB2472924FD4D6200660545 /* Settings.swift in Sources */ = {isa = PBXBuildFile; fileRef = 9DB2472824FD4D6200660545 /* Settings.swift */; };
		9DC3824B25040BEF00A334EC /* draw_face.png in Resources */ = {isa = PBXBuildFile; fileRef = 9DC3824825040BEE00A334EC /* draw_face.png */; };
		9DC3824C25040BEF00A334EC /* lose_face.png in Resources */ = {isa = PBXBuildFile; fileRef = 9DC3824925040BEE00A334EC /* lose_face.png */; };
		9DC3824D25040BEF00A334EC /* win_face.png in Resources */ = {isa = PBXBuildFile; fileRef = 9DC3824A25040BEE00A334EC /* win_face.png */; };
		9DC3825125054B3800A334EC /* PlayerVsPlayerSettingsVC.swift in Sources */ = {isa = PBXBuildFile; fileRef = 9DC3825025054B3800A334EC /* PlayerVsPlayerSettingsVC.swift */; };
		9DC3825325054FFC00A334EC /* FirstPlayerSettingsVC.swift in Sources */ = {isa = PBXBuildFile; fileRef = 9DC3825225054FFC00A334EC /* FirstPlayerSettingsVC.swift */; };
		9DC3825525055F2A00A334EC /* SecondPlayerSettingsVC.swift in Sources */ = {isa = PBXBuildFile; fileRef = 9DC3825425055F2A00A334EC /* SecondPlayerSettingsVC.swift */; };
		9DC38257250587AC00A334EC /* PlayerVsPlayerSettingsSummaryVC.swift in Sources */ = {isa = PBXBuildFile; fileRef = 9DC38256250587AB00A334EC /* PlayerVsPlayerSettingsSummaryVC.swift */; };
		9DC3825B25066ED500A334EC /* EmojiCollectionViewCell.swift in Sources */ = {isa = PBXBuildFile; fileRef = 9DC3825A25066ED500A334EC /* EmojiCollectionViewCell.swift */; };
		9DC3825D2507B93700A334EC /* PlayerVsAiSettingsVC.swift in Sources */ = {isa = PBXBuildFile; fileRef = 9DC3825C2507B93700A334EC /* PlayerVsAiSettingsVC.swift */; };
		9DC3825F2507C00A00A334EC /* PlayerSettingsVC.swift in Sources */ = {isa = PBXBuildFile; fileRef = 9DC3825E2507C00A00A334EC /* PlayerSettingsVC.swift */; };
		9DC382612507C0E800A334EC /* AiPlayerSettingsVC.swift in Sources */ = {isa = PBXBuildFile; fileRef = 9DC382602507C0E800A334EC /* AiPlayerSettingsVC.swift */; };
		9DC382632507C16700A334EC /* PlayerVsAiSettingsSummaryVC.swift in Sources */ = {isa = PBXBuildFile; fileRef = 9DC382622507C16700A334EC /* PlayerVsAiSettingsSummaryVC.swift */; };
		9DDA3B5B2502A83F00BA5A3D /* GameResultViewController.swift in Sources */ = {isa = PBXBuildFile; fileRef = 9DDA3B5A2502A83F00BA5A3D /* GameResultViewController.swift */; };
/* End PBXBuildFile section */

/* Begin PBXFileReference section */
		9D1A225424F718D8003D32D2 /* TicTacToe.app */ = {isa = PBXFileReference; explicitFileType = wrapper.application; includeInIndex = 0; path = TicTacToe.app; sourceTree = BUILT_PRODUCTS_DIR; };
		9D1A225724F718D8003D32D2 /* AppDelegate.swift */ = {isa = PBXFileReference; lastKnownFileType = sourcecode.swift; path = AppDelegate.swift; sourceTree = "<group>"; };
		9D1A225924F718D8003D32D2 /* SceneDelegate.swift */ = {isa = PBXFileReference; lastKnownFileType = sourcecode.swift; path = SceneDelegate.swift; sourceTree = "<group>"; };
		9D1A225B24F718D8003D32D2 /* PlayerVsPlayerViewController.swift */ = {isa = PBXFileReference; lastKnownFileType = sourcecode.swift; path = PlayerVsPlayerViewController.swift; sourceTree = "<group>"; };
		9D1A226024F718DC003D32D2 /* Assets.xcassets */ = {isa = PBXFileReference; lastKnownFileType = folder.assetcatalog; path = Assets.xcassets; sourceTree = "<group>"; };
		9D1A226324F718DC003D32D2 /* Base */ = {isa = PBXFileReference; lastKnownFileType = file.storyboard; name = Base; path = Base.lproj/LaunchScreen.storyboard; sourceTree = "<group>"; };
		9D1A226524F718DC003D32D2 /* Info.plist */ = {isa = PBXFileReference; lastKnownFileType = text.plist.xml; path = Info.plist; sourceTree = "<group>"; };
		9D2A199D24F72731001B4947 /* Player.swift */ = {isa = PBXFileReference; lastKnownFileType = sourcecode.swift; path = Player.swift; sourceTree = "<group>"; };
		9D2A199F24F7273E001B4947 /* Board.swift */ = {isa = PBXFileReference; lastKnownFileType = sourcecode.swift; path = Board.swift; sourceTree = "<group>"; };
		9D2A19A124F7274A001B4947 /* GameModel.swift */ = {isa = PBXFileReference; lastKnownFileType = sourcecode.swift; path = GameModel.swift; sourceTree = "<group>"; };
		9D74B4CD24F9143800EB2571 /* MinMaxAlgorithm.swift */ = {isa = PBXFileReference; lastKnownFileType = sourcecode.swift; path = MinMaxAlgorithm.swift; sourceTree = "<group>"; };
		9D76BFD424FBF202007C1147 /* GameModelAI.swift */ = {isa = PBXFileReference; lastKnownFileType = sourcecode.swift; path = GameModelAI.swift; sourceTree = "<group>"; };
		9D76BFD624FBFB92007C1147 /* PlayerVsAiViewController.swift */ = {isa = PBXFileReference; lastKnownFileType = sourcecode.swift; path = PlayerVsAiViewController.swift; sourceTree = "<group>"; };
		9D76BFDB24FC55BB007C1147 /* Base */ = {isa = PBXFileReference; lastKnownFileType = file.storyboard; name = Base; path = Base.lproj/Main.storyboard; sourceTree = "<group>"; };
		9DB2472624FD4B2100660545 /* SettingsViewController.swift */ = {isa = PBXFileReference; lastKnownFileType = sourcecode.swift; path = SettingsViewController.swift; sourceTree = "<group>"; };
		9DB2472824FD4D6200660545 /* Settings.swift */ = {isa = PBXFileReference; fileEncoding = 4; lastKnownFileType = sourcecode.swift; lineEnding = 1; path = Settings.swift; sourceTree = "<group>"; };
		9DC3824825040BEE00A334EC /* draw_face.png */ = {isa = PBXFileReference; lastKnownFileType = image.png; path = draw_face.png; sourceTree = "<group>"; };
		9DC3824925040BEE00A334EC /* lose_face.png */ = {isa = PBXFileReference; lastKnownFileType = image.png; path = lose_face.png; sourceTree = "<group>"; };
		9DC3824A25040BEE00A334EC /* win_face.png */ = {isa = PBXFileReference; lastKnownFileType = image.png; path = win_face.png; sourceTree = "<group>"; };
		9DC3825025054B3800A334EC /* PlayerVsPlayerSettingsVC.swift */ = {isa = PBXFileReference; lastKnownFileType = sourcecode.swift; path = PlayerVsPlayerSettingsVC.swift; sourceTree = "<group>"; };
		9DC3825225054FFC00A334EC /* FirstPlayerSettingsVC.swift */ = {isa = PBXFileReference; lastKnownFileType = sourcecode.swift; path = FirstPlayerSettingsVC.swift; sourceTree = "<group>"; };
		9DC3825425055F2A00A334EC /* SecondPlayerSettingsVC.swift */ = {isa = PBXFileReference; lastKnownFileType = sourcecode.swift; path = SecondPlayerSettingsVC.swift; sourceTree = "<group>"; };
		9DC38256250587AB00A334EC /* PlayerVsPlayerSettingsSummaryVC.swift */ = {isa = PBXFileReference; lastKnownFileType = sourcecode.swift; path = PlayerVsPlayerSettingsSummaryVC.swift; sourceTree = "<group>"; };
		9DC3825A25066ED500A334EC /* EmojiCollectionViewCell.swift */ = {isa = PBXFileReference; lastKnownFileType = sourcecode.swift; path = EmojiCollectionViewCell.swift; sourceTree = "<group>"; };
		9DC3825C2507B93700A334EC /* PlayerVsAiSettingsVC.swift */ = {isa = PBXFileReference; lastKnownFileType = sourcecode.swift; path = PlayerVsAiSettingsVC.swift; sourceTree = "<group>"; };
		9DC3825E2507C00A00A334EC /* PlayerSettingsVC.swift */ = {isa = PBXFileReference; lastKnownFileType = sourcecode.swift; path = PlayerSettingsVC.swift; sourceTree = "<group>"; };
		9DC382602507C0E800A334EC /* AiPlayerSettingsVC.swift */ = {isa = PBXFileReference; lastKnownFileType = sourcecode.swift; path = AiPlayerSettingsVC.swift; sourceTree = "<group>"; };
		9DC382622507C16700A334EC /* PlayerVsAiSettingsSummaryVC.swift */ = {isa = PBXFileReference; lastKnownFileType = sourcecode.swift; path = PlayerVsAiSettingsSummaryVC.swift; sourceTree = "<group>"; };
		9DDA3B5A2502A83F00BA5A3D /* GameResultViewController.swift */ = {isa = PBXFileReference; lastKnownFileType = sourcecode.swift; path = GameResultViewController.swift; sourceTree = "<group>"; };
/* End PBXFileReference section */

/* Begin PBXFrameworksBuildPhase section */
		9D1A225124F718D8003D32D2 /* Frameworks */ = {
			isa = PBXFrameworksBuildPhase;
			buildActionMask = 2147483647;
			files = (
			);
			runOnlyForDeploymentPostprocessing = 0;
		};
/* End PBXFrameworksBuildPhase section */

/* Begin PBXGroup section */
		9D15536D24FFC47B003133AF /* model */ = {
			isa = PBXGroup;
			children = (
				9D2A199D24F72731001B4947 /* Player.swift */,
				9D2A199F24F7273E001B4947 /* Board.swift */,
				9DB2472824FD4D6200660545 /* Settings.swift */,
				9D2A19A124F7274A001B4947 /* GameModel.swift */,
				9D76BFD424FBF202007C1147 /* GameModelAI.swift */,
				9D74B4CD24F9143800EB2571 /* MinMaxAlgorithm.swift */,
			);
			path = model;
			sourceTree = "<group>";
		};
		9D1A224B24F718D8003D32D2 = {
			isa = PBXGroup;
			children = (
				9D1A225624F718D8003D32D2 /* TicTacToe */,
				9D1A225524F718D8003D32D2 /* Products */,
			);
			sourceTree = "<group>";
		};
		9D1A225524F718D8003D32D2 /* Products */ = {
			isa = PBXGroup;
			children = (
				9D1A225424F718D8003D32D2 /* TicTacToe.app */,
			);
			name = Products;
			sourceTree = "<group>";
		};
		9D1A225624F718D8003D32D2 /* TicTacToe */ = {
			isa = PBXGroup;
			children = (
				9DDA3B5C2503D1AC00BA5A3D /* img */,
				9DC77E1224F7C9AC00BF32CB /* other */,
				9D1A226D24F71A19003D32D2 /* ui */,
				9D1A226C24F719EF003D32D2 /* src */,
			);
			path = TicTacToe;
			sourceTree = "<group>";
		};
		9D1A226C24F719EF003D32D2 /* src */ = {
			isa = PBXGroup;
			children = (
				9D1A225724F718D8003D32D2 /* AppDelegate.swift */,
				9D1A225924F718D8003D32D2 /* SceneDelegate.swift */,
				9DC3825025054B3800A334EC /* PlayerVsPlayerSettingsVC.swift */,
				9DC3825225054FFC00A334EC /* FirstPlayerSettingsVC.swift */,
				9DC3825425055F2A00A334EC /* SecondPlayerSettingsVC.swift */,
				9DC3825A25066ED500A334EC /* EmojiCollectionViewCell.swift */,
				9DC38256250587AB00A334EC /* PlayerVsPlayerSettingsSummaryVC.swift */,
				9D1A225B24F718D8003D32D2 /* PlayerVsPlayerViewController.swift */,
				9DC3825C2507B93700A334EC /* PlayerVsAiSettingsVC.swift */,
				9DC3825E2507C00A00A334EC /* PlayerSettingsVC.swift */,
				9DC382602507C0E800A334EC /* AiPlayerSettingsVC.swift */,
				9DC382622507C16700A334EC /* PlayerVsAiSettingsSummaryVC.swift */,
				9D76BFD624FBFB92007C1147 /* PlayerVsAiViewController.swift */,
				9DB2472624FD4B2100660545 /* SettingsViewController.swift */,
				9DDA3B5A2502A83F00BA5A3D /* GameResultViewController.swift */,
				9D15536D24FFC47B003133AF /* model */,
			);
			path = src;
			sourceTree = "<group>";
		};
		9D1A226D24F71A19003D32D2 /* ui */ = {
			isa = PBXGroup;
			children = (
				9D1A226224F718DC003D32D2 /* LaunchScreen.storyboard */,
				9D76BFDA24FC55BB007C1147 /* Main.storyboard */,
			);
			path = ui;
			sourceTree = "<group>";
		};
		9DC77E1224F7C9AC00BF32CB /* other */ = {
			isa = PBXGroup;
			children = (
				9D1A226024F718DC003D32D2 /* Assets.xcassets */,
				9D1A226524F718DC003D32D2 /* Info.plist */,
			);
			path = other;
			sourceTree = "<group>";
		};
		9DDA3B5C2503D1AC00BA5A3D /* img */ = {
			isa = PBXGroup;
			children = (
				9DC3824825040BEE00A334EC /* draw_face.png */,
				9DC3824925040BEE00A334EC /* lose_face.png */,
				9DC3824A25040BEE00A334EC /* win_face.png */,
			);
			path = img;
			sourceTree = "<group>";
		};
/* End PBXGroup section */

/* Begin PBXNativeTarget section */
		9D1A225324F718D8003D32D2 /* TicTacToe */ = {
			isa = PBXNativeTarget;
			buildConfigurationList = 9D1A226824F718DC003D32D2 /* Build configuration list for PBXNativeTarget "TicTacToe" */;
			buildPhases = (
				9D1A225024F718D8003D32D2 /* Sources */,
				9D1A225124F718D8003D32D2 /* Frameworks */,
				9D1A225224F718D8003D32D2 /* Resources */,
			);
			buildRules = (
			);
			dependencies = (
			);
			name = TicTacToe;
			productName = TicTacToe;
			productReference = 9D1A225424F718D8003D32D2 /* TicTacToe.app */;
			productType = "com.apple.product-type.application";
		};
/* End PBXNativeTarget section */

/* Begin PBXProject section */
		9D1A224C24F718D8003D32D2 /* Project object */ = {
			isa = PBXProject;
			attributes = {
				LastSwiftUpdateCheck = 1160;
				LastUpgradeCheck = 1160;
				ORGANIZATIONNAME = none;
				TargetAttributes = {
					9D1A225324F718D8003D32D2 = {
						CreatedOnToolsVersion = 11.6;
					};
				};
			};
			buildConfigurationList = 9D1A224F24F718D8003D32D2 /* Build configuration list for PBXProject "TicTacToe" */;
			compatibilityVersion = "Xcode 9.3";
			developmentRegion = en;
			hasScannedForEncodings = 0;
			knownRegions = (
				en,
				Base,
			);
			mainGroup = 9D1A224B24F718D8003D32D2;
			productRefGroup = 9D1A225524F718D8003D32D2 /* Products */;
			projectDirPath = "";
			projectRoot = "";
			targets = (
				9D1A225324F718D8003D32D2 /* TicTacToe */,
			);
		};
/* End PBXProject section */

/* Begin PBXResourcesBuildPhase section */
		9D1A225224F718D8003D32D2 /* Resources */ = {
			isa = PBXResourcesBuildPhase;
			buildActionMask = 2147483647;
			files = (
				9DC3824D25040BEF00A334EC /* win_face.png in Resources */,
				9D1A226424F718DC003D32D2 /* LaunchScreen.storyboard in Resources */,
				9DC3824C25040BEF00A334EC /* lose_face.png in Resources */,
				9DC3824B25040BEF00A334EC /* draw_face.png in Resources */,
				9D1A226124F718DC003D32D2 /* Assets.xcassets in Resources */,
				9D76BFDC24FC55BB007C1147 /* Main.storyboard in Resources */,
			);
			runOnlyForDeploymentPostprocessing = 0;
		};
/* End PBXResourcesBuildPhase section */

/* Begin PBXSourcesBuildPhase section */
		9D1A225024F718D8003D32D2 /* Sources */ = {
			isa = PBXSourcesBuildPhase;
			buildActionMask = 2147483647;
			files = (
				9D2A199E24F72731001B4947 /* Player.swift in Sources */,
				9D76BFD524FBF202007C1147 /* GameModelAI.swift in Sources */,
				9DC3825F2507C00A00A334EC /* PlayerSettingsVC.swift in Sources */,
				9D1A225C24F718D8003D32D2 /* PlayerVsPlayerViewController.swift in Sources */,
				9DC3825125054B3800A334EC /* PlayerVsPlayerSettingsVC.swift in Sources */,
				9DC38257250587AC00A334EC /* PlayerVsPlayerSettingsSummaryVC.swift in Sources */,
				9DC3825D2507B93700A334EC /* PlayerVsAiSettingsVC.swift in Sources */,
				9DB2472724FD4B2100660545 /* SettingsViewController.swift in Sources */,
				9D2A19A024F7273E001B4947 /* Board.swift in Sources */,
				9DDA3B5B2502A83F00BA5A3D /* GameResultViewController.swift in Sources */,
				9D76BFD724FBFB92007C1147 /* PlayerVsAiViewController.swift in Sources */,
				9D74B4CE24F9143800EB2571 /* MinMaxAlgorithm.swift in Sources */,
				9DC382612507C0E800A334EC /* AiPlayerSettingsVC.swift in Sources */,
				9DC3825525055F2A00A334EC /* SecondPlayerSettingsVC.swift in Sources */,
				9D1A225824F718D8003D32D2 /* AppDelegate.swift in Sources */,
				9D1A225A24F718D8003D32D2 /* SceneDelegate.swift in Sources */,
				9DC382632507C16700A334EC /* PlayerVsAiSettingsSummaryVC.swift in Sources */,
				9DB2472924FD4D6200660545 /* Settings.swift in Sources */,
				9D2A19A224F7274A001B4947 /* GameModel.swift in Sources */,
				9DC3825B25066ED500A334EC /* EmojiCollectionViewCell.swift in Sources */,
				9DC3825325054FFC00A334EC /* FirstPlayerSettingsVC.swift in Sources */,
			);
			runOnlyForDeploymentPostprocessing = 0;
		};
/* End PBXSourcesBuildPhase section */

/* Begin PBXVariantGroup section */
		9D1A226224F718DC003D32D2 /* LaunchScreen.storyboard */ = {
			isa = PBXVariantGroup;
			children = (
				9D1A226324F718DC003D32D2 /* Base */,
			);
			name = LaunchScreen.storyboard;
			sourceTree = "<group>";
		};
		9D76BFDA24FC55BB007C1147 /* Main.storyboard */ = {
			isa = PBXVariantGroup;
			children = (
				9D76BFDB24FC55BB007C1147 /* Base */,
			);
			name = Main.storyboard;
			sourceTree = "<group>";
		};
/* End PBXVariantGroup section */

/* Begin XCBuildConfiguration section */
		9D1A226624F718DC003D32D2 /* Debug */ = {
			isa = XCBuildConfiguration;
			buildSettings = {
				ALWAYS_SEARCH_USER_PATHS = NO;
				CLANG_ANALYZER_NONNULL = YES;
				CLANG_ANALYZER_NUMBER_OBJECT_CONVERSION = YES_AGGRESSIVE;
				CLANG_CXX_LANGUAGE_STANDARD = "gnu++14";
				CLANG_CXX_LIBRARY = "libc++";
				CLANG_ENABLE_MODULES = YES;
				CLANG_ENABLE_OBJC_ARC = YES;
				CLANG_ENABLE_OBJC_WEAK = YES;
				CLANG_WARN_BLOCK_CAPTURE_AUTORELEASING = YES;
				CLANG_WARN_BOOL_CONVERSION = YES;
				CLANG_WARN_COMMA = YES;
				CLANG_WARN_CONSTANT_CONVERSION = YES;
				CLANG_WARN_DEPRECATED_OBJC_IMPLEMENTATIONS = YES;
				CLANG_WARN_DIRECT_OBJC_ISA_USAGE = YES_ERROR;
				CLANG_WARN_DOCUMENTATION_COMMENTS = YES;
				CLANG_WARN_EMPTY_BODY = YES;
				CLANG_WARN_ENUM_CONVERSION = YES;
				CLANG_WARN_INFINITE_RECURSION = YES;
				CLANG_WARN_INT_CONVERSION = YES;
				CLANG_WARN_NON_LITERAL_NULL_CONVERSION = YES;
				CLANG_WARN_OBJC_IMPLICIT_RETAIN_SELF = YES;
				CLANG_WARN_OBJC_LITERAL_CONVERSION = YES;
				CLANG_WARN_OBJC_ROOT_CLASS = YES_ERROR;
				CLANG_WARN_RANGE_LOOP_ANALYSIS = YES;
				CLANG_WARN_STRICT_PROTOTYPES = YES;
				CLANG_WARN_SUSPICIOUS_MOVE = YES;
				CLANG_WARN_UNGUARDED_AVAILABILITY = YES_AGGRESSIVE;
				CLANG_WARN_UNREACHABLE_CODE = YES;
				CLANG_WARN__DUPLICATE_METHOD_MATCH = YES;
				COPY_PHASE_STRIP = NO;
				DEBUG_INFORMATION_FORMAT = dwarf;
				ENABLE_STRICT_OBJC_MSGSEND = YES;
				ENABLE_TESTABILITY = YES;
				GCC_C_LANGUAGE_STANDARD = gnu11;
				GCC_DYNAMIC_NO_PIC = NO;
				GCC_NO_COMMON_BLOCKS = YES;
				GCC_OPTIMIZATION_LEVEL = 0;
				GCC_PREPROCESSOR_DEFINITIONS = (
					"DEBUG=1",
					"$(inherited)",
				);
				GCC_WARN_64_TO_32_BIT_CONVERSION = YES;
				GCC_WARN_ABOUT_RETURN_TYPE = YES_ERROR;
				GCC_WARN_UNDECLARED_SELECTOR = YES;
				GCC_WARN_UNINITIALIZED_AUTOS = YES_AGGRESSIVE;
				GCC_WARN_UNUSED_FUNCTION = YES;
				GCC_WARN_UNUSED_VARIABLE = YES;
				IPHONEOS_DEPLOYMENT_TARGET = 13.0;
				MTL_ENABLE_DEBUG_INFO = INCLUDE_SOURCE;
				MTL_FAST_MATH = YES;
				ONLY_ACTIVE_ARCH = YES;
				SDKROOT = iphoneos;
				SWIFT_ACTIVE_COMPILATION_CONDITIONS = DEBUG;
				SWIFT_OPTIMIZATION_LEVEL = "-Onone";
			};
			name = Debug;
		};
		9D1A226724F718DC003D32D2 /* Release */ = {
			isa = XCBuildConfiguration;
			buildSettings = {
				ALWAYS_SEARCH_USER_PATHS = NO;
				CLANG_ANALYZER_NONNULL = YES;
				CLANG_ANALYZER_NUMBER_OBJECT_CONVERSION = YES_AGGRESSIVE;
				CLANG_CXX_LANGUAGE_STANDARD = "gnu++14";
				CLANG_CXX_LIBRARY = "libc++";
				CLANG_ENABLE_MODULES = YES;
				CLANG_ENABLE_OBJC_ARC = YES;
				CLANG_ENABLE_OBJC_WEAK = YES;
				CLANG_WARN_BLOCK_CAPTURE_AUTORELEASING = YES;
				CLANG_WARN_BOOL_CONVERSION = YES;
				CLANG_WARN_COMMA = YES;
				CLANG_WARN_CONSTANT_CONVERSION = YES;
				CLANG_WARN_DEPRECATED_OBJC_IMPLEMENTATIONS = YES;
				CLANG_WARN_DIRECT_OBJC_ISA_USAGE = YES_ERROR;
				CLANG_WARN_DOCUMENTATION_COMMENTS = YES;
				CLANG_WARN_EMPTY_BODY = YES;
				CLANG_WARN_ENUM_CONVERSION = YES;
				CLANG_WARN_INFINITE_RECURSION = YES;
				CLANG_WARN_INT_CONVERSION = YES;
				CLANG_WARN_NON_LITERAL_NULL_CONVERSION = YES;
				CLANG_WARN_OBJC_IMPLICIT_RETAIN_SELF = YES;
				CLANG_WARN_OBJC_LITERAL_CONVERSION = YES;
				CLANG_WARN_OBJC_ROOT_CLASS = YES_ERROR;
				CLANG_WARN_RANGE_LOOP_ANALYSIS = YES;
				CLANG_WARN_STRICT_PROTOTYPES = YES;
				CLANG_WARN_SUSPICIOUS_MOVE = YES;
				CLANG_WARN_UNGUARDED_AVAILABILITY = YES_AGGRESSIVE;
				CLANG_WARN_UNREACHABLE_CODE = YES;
				CLANG_WARN__DUPLICATE_METHOD_MATCH = YES;
				COPY_PHASE_STRIP = NO;
				DEBUG_INFORMATION_FORMAT = "dwarf-with-dsym";
				ENABLE_NS_ASSERTIONS = NO;
				ENABLE_STRICT_OBJC_MSGSEND = YES;
				GCC_C_LANGUAGE_STANDARD = gnu11;
				GCC_NO_COMMON_BLOCKS = YES;
				GCC_WARN_64_TO_32_BIT_CONVERSION = YES;
				GCC_WARN_ABOUT_RETURN_TYPE = YES_ERROR;
				GCC_WARN_UNDECLARED_SELECTOR = YES;
				GCC_WARN_UNINITIALIZED_AUTOS = YES_AGGRESSIVE;
				GCC_WARN_UNUSED_FUNCTION = YES;
				GCC_WARN_UNUSED_VARIABLE = YES;
				IPHONEOS_DEPLOYMENT_TARGET = 13.0;
				MTL_ENABLE_DEBUG_INFO = NO;
				MTL_FAST_MATH = YES;
				SDKROOT = iphoneos;
				SWIFT_COMPILATION_MODE = wholemodule;
				SWIFT_OPTIMIZATION_LEVEL = "-O";
				VALIDATE_PRODUCT = YES;
			};
			name = Release;
		};
		9D1A226924F718DC003D32D2 /* Debug */ = {
			isa = XCBuildConfiguration;
			buildSettings = {
				ASSETCATALOG_COMPILER_APPICON_NAME = AppIcon;
				CODE_SIGN_IDENTITY = "Apple Development";
				CODE_SIGN_STYLE = Automatic;
				DEVELOPMENT_TEAM = 2R2M3KJN7D;
				INFOPLIST_FILE = "$(SRCROOT)/TicTacToe/other/Info.plist";
				LD_RUNPATH_SEARCH_PATHS = (
					"$(inherited)",
					"@executable_path/Frameworks",
				);
				PRODUCT_BUNDLE_IDENTIFIER = mnowak061.xyz.TicTacToe;
				PRODUCT_NAME = "$(TARGET_NAME)";
				PROVISIONING_PROFILE_SPECIFIER = "";
				SWIFT_VERSION = 5.0;
				TARGETED_DEVICE_FAMILY = "1,2";
			};
			name = Debug;
		};
		9D1A226A24F718DC003D32D2 /* Release */ = {
			isa = XCBuildConfiguration;
			buildSettings = {
				ASSETCATALOG_COMPILER_APPICON_NAME = AppIcon;
				CODE_SIGN_IDENTITY = "Apple Development";
				CODE_SIGN_STYLE = Automatic;
				DEVELOPMENT_TEAM = 2R2M3KJN7D;
				INFOPLIST_FILE = "$(SRCROOT)/TicTacToe/other/Info.plist";
				LD_RUNPATH_SEARCH_PATHS = (
					"$(inherited)",
					"@executable_path/Frameworks",
				);
				PRODUCT_BUNDLE_IDENTIFIER = mnowak061.xyz.TicTacToe;
				PRODUCT_NAME = "$(TARGET_NAME)";
				PROVISIONING_PROFILE_SPECIFIER = "";
				SWIFT_VERSION = 5.0;
				TARGETED_DEVICE_FAMILY = "1,2";
			};
			name = Release;
		};
/* End XCBuildConfiguration section */

/* Begin XCConfigurationList section */
		9D1A224F24F718D8003D32D2 /* Build configuration list for PBXProject "TicTacToe" */ = {
			isa = XCConfigurationList;
			buildConfigurations = (
				9D1A226624F718DC003D32D2 /* Debug */,
				9D1A226724F718DC003D32D2 /* Release */,
			);
			defaultConfigurationIsVisible = 0;
			defaultConfigurationName = Release;
		};
		9D1A226824F718DC003D32D2 /* Build configuration list for PBXNativeTarget "TicTacToe" */ = {
			isa = XCConfigurationList;
			buildConfigurations = (
				9D1A226924F718DC003D32D2 /* Debug */,
				9D1A226A24F718DC003D32D2 /* Release */,
			);
			defaultConfigurationIsVisible = 0;
			defaultConfigurationName = Release;
		};
/* End XCConfigurationList section */
	};
	rootObject = 9D1A224C24F718D8003D32D2 /* Project object */;
}
